
Microsoft Visual Studio Solution File, Format Version 12.00
# Visual Studio Version 17
VisualStudioVersion = 17.10.35201.131
MinimumVisualStudioVersion = 10.0.40219.1
Project("{FAE04EC0-301F-11D3-BF4B-00C04F79EFBC}") = "Test", "Test\Test.csproj", "{23E752E9-3B60-4E63-90E9-91BC1B1BA8C1}"
EndProject
Project("{FAE04EC0-301F-11D3-BF4B-00C04F79EFBC}") = "WebApplication1", "WebApplication1\WebApplication1.csproj", "{70649115-F2A3-4D1C-9FE7-C3B18A959C11}"
EndProject
Project("{FAE04EC0-301F-11D3-BF4B-00C04F79EFBC}") = "AWS-STS-Token-Generator", "AWS-STS-Token-Generator\AWS-STS-Token-Generator.csproj", "{2BC350EB-46CF-4BE2-9CFC-7832FAEAA510}"
EndProject
Project("{FAE04EC0-301F-11D3-BF4B-00C04F79EFBC}") = "File-Formatter", "File-Formatter\File-Formatter.csproj", "{486DF97F-6D4F-49D4-A828-09888B970326}"
EndProject
Project("{FAE04EC0-301F-11D3-BF4B-00C04F79EFBC}") = "WorkflowEngine", "WorkflowEngine\WorkflowEngine.csproj", "{886A8390-D767-4A7F-A51F-A99EA1377886}"
EndProject
Project("{FAE04EC0-301F-11D3-BF4B-00C04F79EFBC}") = "JsonToExcel", "JsonToExcel\JsonToExcel.csproj", "{55C08F5A-6896-4A4B-823A-253C9BC39258}"
EndProject
Global
	GlobalSection(SolutionConfigurationPlatforms) = preSolution
		Debug|Any CPU = Debug|Any CPU
		Release|Any CPU = Release|Any CPU
	EndGlobalSection
	GlobalSection(ProjectConfigurationPlatforms) = postSolution
		{23E752E9-3B60-4E63-90E9-91BC1B1BA8C1}.Debug|Any CPU.ActiveCfg = Debug|Any CPU
		{23E752E9-3B60-4E63-90E9-91BC1B1BA8C1}.Debug|Any CPU.Build.0 = Debug|Any CPU
		{23E752E9-3B60-4E63-90E9-91BC1B1BA8C1}.Release|Any CPU.ActiveCfg = Release|Any CPU
		{23E752E9-3B60-4E63-90E9-91BC1B1BA8C1}.Release|Any CPU.Build.0 = Release|Any CPU
		{70649115-F2A3-4D1C-9FE7-C3B18A959C11}.Debug|Any CPU.ActiveCfg = Debug|Any CPU
		{70649115-F2A3-4D1C-9FE7-C3B18A959C11}.Debug|Any CPU.Build.0 = Debug|Any CPU
		{70649115-F2A3-4D1C-9FE7-C3B18A959C11}.Release|Any CPU.ActiveCfg = Release|Any CPU
		{70649115-F2A3-4D1C-9FE7-C3B18A959C11}.Release|Any CPU.Build.0 = Release|Any CPU
		{2BC350EB-46CF-4BE2-9CFC-7832FAEAA510}.Debug|Any CPU.ActiveCfg = Debug|Any CPU
		{2BC350EB-46CF-4BE2-9CFC-7832FAEAA510}.Debug|Any CPU.Build.0 = Debug|Any CPU
		{2BC350EB-46CF-4BE2-9CFC-7832FAEAA510}.Release|Any CPU.ActiveCfg = Release|Any CPU
		{2BC350EB-46CF-4BE2-9CFC-7832FAEAA510}.Release|Any CPU.Build.0 = Release|Any CPU
		{486DF97F-6D4F-49D4-A828-09888B970326}.Debug|Any CPU.ActiveCfg = Debug|Any CPU
		{486DF97F-6D4F-49D4-A828-09888B970326}.Debug|Any CPU.Build.0 = Debug|Any CPU
		{486DF97F-6D4F-49D4-A828-09888B970326}.Release|Any CPU.ActiveCfg = Release|Any CPU
		{486DF97F-6D4F-49D4-A828-09888B970326}.Release|Any CPU.Build.0 = Release|Any CPU
		{886A8390-D767-4A7F-A51F-A99EA1377886}.Debug|Any CPU.ActiveCfg = Debug|Any CPU
		{886A8390-D767-4A7F-A51F-A99EA1377886}.Debug|Any CPU.Build.0 = Debug|Any CPU
		{886A8390-D767-4A7F-A51F-A99EA1377886}.Release|Any CPU.ActiveCfg = Release|Any CPU
		{886A8390-D767-4A7F-A51F-A99EA1377886}.Release|Any CPU.Build.0 = Release|Any CPU
		{55C08F5A-6896-4A4B-823A-253C9BC39258}.Debug|Any CPU.ActiveCfg = Debug|Any CPU
		{55C08F5A-6896-4A4B-823A-253C9BC39258}.Debug|Any CPU.Build.0 = Debug|Any CPU
		{55C08F5A-6896-4A4B-823A-253C9BC39258}.Release|Any CPU.ActiveCfg = Release|Any CPU
		{55C08F5A-6896-4A4B-823A-253C9BC39258}.Release|Any CPU.Build.0 = Release|Any CPU
	EndGlobalSection
	GlobalSection(SolutionProperties) = preSolution
		HideSolutionNode = FALSE
	EndGlobalSection
	GlobalSection(ExtensibilityGlobals) = postSolution
		SolutionGuid = {58E4FF68-8F0D-4EE5-B07A-6705DF6C99A3}
	EndGlobalSection
EndGlobal
